
Microsoft Visual Studio Solution File, Format Version 11.00
# Visual Studio 2010
Project("{FAE04EC0-301F-11D3-BF4B-00C04F79EFBC}") = "MobileVrResson", "Assembly-CSharp.csproj", "{DF16BB4A-1A53-92BC-DD2F-DF5E3DF9D4EC}"
EndProject
Project("{FAE04EC0-301F-11D3-BF4B-00C04F79EFBC}") = "MobileVrResson", "Assembly-CSharp-Editor.csproj", "{B97AAB5D-DF98-EAEB-1887-2FFDAC3B09F1}"
EndProject
Global
	GlobalSection(SolutionConfigurationPlatforms) = preSolution
		Debug|Any CPU = Debug|Any CPU
		Release|Any CPU = Release|Any CPU
	EndGlobalSection
	GlobalSection(ProjectConfigurationPlatforms) = postSolution
		{DF16BB4A-1A53-92BC-DD2F-DF5E3DF9D4EC}.Debug|Any CPU.ActiveCfg = Debug|Any CPU
		{DF16BB4A-1A53-92BC-DD2F-DF5E3DF9D4EC}.Debug|Any CPU.Build.0 = Debug|Any CPU
		{DF16BB4A-1A53-92BC-DD2F-DF5E3DF9D4EC}.Release|Any CPU.ActiveCfg = Release|Any CPU
		{DF16BB4A-1A53-92BC-DD2F-DF5E3DF9D4EC}.Release|Any CPU.Build.0 = Release|Any CPU
		{B97AAB5D-DF98-EAEB-1887-2FFDAC3B09F1}.Debug|Any CPU.ActiveCfg = Debug|Any CPU
		{B97AAB5D-DF98-EAEB-1887-2FFDAC3B09F1}.Debug|Any CPU.Build.0 = Debug|Any CPU
		{B97AAB5D-DF98-EAEB-1887-2FFDAC3B09F1}.Release|Any CPU.ActiveCfg = Release|Any CPU
		{B97AAB5D-DF98-EAEB-1887-2FFDAC3B09F1}.Release|Any CPU.Build.0 = Release|Any CPU
	EndGlobalSection
	GlobalSection(SolutionProperties) = preSolution
		HideSolutionNode = FALSE
	EndGlobalSection
	GlobalSection(MonoDevelopProperties) = preSolution
		StartupItem = Assembly-CSharp.csproj
	EndGlobalSection
EndGlobal
